
Microsoft Visual Studio Solution File, Format Version 12.00
# Visual Studio 15
VisualStudioVersion = 15.0.28307.489
MinimumVisualStudioVersion = 10.0.40219.1
Project("{FAE04EC0-301F-11D3-BF4B-00C04F79EFBC}") = "ControleDeProjetos.API", "ControleDeProjetos.API\ControleDeProjetos.API.csproj", "{6F10948E-1B90-4067-A85D-0E545F8805DB}"
EndProject
Project("{FAE04EC0-301F-11D3-BF4B-00C04F79EFBC}") = "ControleDeProjetos.DAL", "ControleDeProjetos.DAL\ControleDeProjetos.DAL.csproj", "{2371ABF9-E640-47C8-A33A-0A68358A4D26}"
EndProject
Project("{FAE04EC0-301F-11D3-BF4B-00C04F79EFBC}") = "ControleDeProjetos.Dominio", "ControleDeProjetos.Dominio\ControleDeProjetos.Dominio.csproj", "{7EDE8A3B-E43D-474D-AB96-C09457387B9D}"
EndProject
Global
	GlobalSection(SolutionConfigurationPlatforms) = preSolution
		Debug|Any CPU = Debug|Any CPU
		Release|Any CPU = Release|Any CPU
	EndGlobalSection
	GlobalSection(ProjectConfigurationPlatforms) = postSolution
		{6F10948E-1B90-4067-A85D-0E545F8805DB}.Debug|Any CPU.ActiveCfg = Debug|Any CPU
		{6F10948E-1B90-4067-A85D-0E545F8805DB}.Debug|Any CPU.Build.0 = Debug|Any CPU
		{6F10948E-1B90-4067-A85D-0E545F8805DB}.Release|Any CPU.ActiveCfg = Release|Any CPU
		{6F10948E-1B90-4067-A85D-0E545F8805DB}.Release|Any CPU.Build.0 = Release|Any CPU
		{2371ABF9-E640-47C8-A33A-0A68358A4D26}.Debug|Any CPU.ActiveCfg = Debug|Any CPU
		{2371ABF9-E640-47C8-A33A-0A68358A4D26}.Debug|Any CPU.Build.0 = Debug|Any CPU
		{2371ABF9-E640-47C8-A33A-0A68358A4D26}.Release|Any CPU.ActiveCfg = Release|Any CPU
		{2371ABF9-E640-47C8-A33A-0A68358A4D26}.Release|Any CPU.Build.0 = Release|Any CPU
		{7EDE8A3B-E43D-474D-AB96-C09457387B9D}.Debug|Any CPU.ActiveCfg = Debug|Any CPU
		{7EDE8A3B-E43D-474D-AB96-C09457387B9D}.Debug|Any CPU.Build.0 = Debug|Any CPU
		{7EDE8A3B-E43D-474D-AB96-C09457387B9D}.Release|Any CPU.ActiveCfg = Release|Any CPU
		{7EDE8A3B-E43D-474D-AB96-C09457387B9D}.Release|Any CPU.Build.0 = Release|Any CPU
	EndGlobalSection
	GlobalSection(SolutionProperties) = preSolution
		HideSolutionNode = FALSE
	EndGlobalSection
	GlobalSection(ExtensibilityGlobals) = postSolution
		SolutionGuid = {783DD3BF-75E9-4A95-88E2-BD6F232A9086}
	EndGlobalSection
EndGlobal
